
Microsoft Visual Studio Solution File, Format Version 12.00
# Visual Studio Version 16
VisualStudioVersion = 16.0.31911.196
MinimumVisualStudioVersion = 10.0.40219.1
Project("{9A19103F-16F7-4668-BE54-9A1E7A4F7556}") = "FirstApplication", "FirstApplication.csproj", "{2E663549-861E-49B0-8728-D941961CA04A}"
EndProject
Project("{9A19103F-16F7-4668-BE54-9A1E7A4F7556}") = "CustomerManagementSystem", "..\CustomerManagementSystem\CustomerManagementSystem.csproj", "{8D7E03C7-ACE7-4F77-8C9B-03291C354100}"
EndProject
Project("{9A19103F-16F7-4668-BE54-9A1E7A4F7556}") = "PizzaStoreModelsLibrary", "..\PizzaStoreModelsLibrary\PizzaStoreModelsLibrary.csproj", "{5B6685B8-5563-4665-A5BB-9C5A9F92419F}"
EndProject
Project("{9A19103F-16F7-4668-BE54-9A1E7A4F7556}") = "MultipleProjectApplication", "..\MultipleProjectApplication\MultipleProjectApplication.csproj", "{22AA3D68-A71B-4776-8EA1-7CAB8F3180FA}"
EndProject
Project("{9A19103F-16F7-4668-BE54-9A1E7A4F7556}") = "UnderstandingInterfaceApp", "..\UnderstandingInterfaceApp\UnderstandingInterfaceApp.csproj", "{E5D0CD77-E71C-4209-B62D-5BD6BB7016F0}"
EndProject
Project("{9A19103F-16F7-4668-BE54-9A1E7A4F7556}") = "UnderstandingCollectionsApp", "..\UnderstandingCollectionsApp\UnderstandingCollectionsApp.csproj", "{52FA8ABE-4B30-4013-AE34-25711FFC3BFC}"
EndProject
Project("{2150E333-8FDC-42A3-9474-1A3956D46DE8}") = "Doctors", "Doctors", "{2B596805-88C9-4D6A-A9FE-B57FD45F4626}"
EndProject
Project("{9A19103F-16F7-4668-BE54-9A1E7A4F7556}") = "DoctorModelsLibrary", "..\DoctorSystem Homework Combined\DoctorModelsLibrary\DoctorModelsLibrary.csproj", "{909BE581-7AFD-422B-93BD-419EA342DD70}"
EndProject
Project("{9A19103F-16F7-4668-BE54-9A1E7A4F7556}") = "DoctorSystemMenu", "..\DoctorSystem Homework Combined\DoctorSystemMenu\DoctorSystemMenu.csproj", "{58349438-65B1-4823-A68D-BC39287205F8}"
EndProject
Project("{2150E333-8FDC-42A3-9474-1A3956D46DE8}") = "Person", "Person", "{747C368C-F933-4CEB-8439-A6328BB255AA}"
EndProject
Project("{FAE04EC0-301F-11D3-BF4B-00C04F79EFBC}") = "PersonModelsLibrary", "..\PersonModelsLibrary\PersonModelsLibrary.csproj", "{1C72AE8F-C626-469B-ADEF-1632E1F39991}"
EndProject
Project("{2150E333-8FDC-42A3-9474-1A3956D46DE8}") = "GameProject", "GameProject", "{0114FE7D-A357-4273-8582-F1ACBAA24D82}"
EndProject
Project("{FAE04EC0-301F-11D3-BF4B-00C04F79EFBC}") = "GameModelsLibrary", "..\GameModelsLibrary\GameModelsLibrary.csproj", "{337F6812-D3DA-46E3-85FC-57F8FCD62F07}"
EndProject
Project("{FAE04EC0-301F-11D3-BF4B-00C04F79EFBC}") = "GameMenu", "..\GameMenu\GameMenu.csproj", "{C6E0EF82-6C3D-4653-8665-43D671584421}"
EndProject
Global
	GlobalSection(SolutionConfigurationPlatforms) = preSolution
		Debug|Any CPU = Debug|Any CPU
		Release|Any CPU = Release|Any CPU
	EndGlobalSection
	GlobalSection(ProjectConfigurationPlatforms) = postSolution
		{2E663549-861E-49B0-8728-D941961CA04A}.Debug|Any CPU.ActiveCfg = Debug|Any CPU
		{2E663549-861E-49B0-8728-D941961CA04A}.Debug|Any CPU.Build.0 = Debug|Any CPU
		{2E663549-861E-49B0-8728-D941961CA04A}.Release|Any CPU.ActiveCfg = Release|Any CPU
		{2E663549-861E-49B0-8728-D941961CA04A}.Release|Any CPU.Build.0 = Release|Any CPU
		{8D7E03C7-ACE7-4F77-8C9B-03291C354100}.Debug|Any CPU.ActiveCfg = Debug|Any CPU
		{8D7E03C7-ACE7-4F77-8C9B-03291C354100}.Debug|Any CPU.Build.0 = Debug|Any CPU
		{8D7E03C7-ACE7-4F77-8C9B-03291C354100}.Release|Any CPU.ActiveCfg = Release|Any CPU
		{8D7E03C7-ACE7-4F77-8C9B-03291C354100}.Release|Any CPU.Build.0 = Release|Any CPU
		{5B6685B8-5563-4665-A5BB-9C5A9F92419F}.Debug|Any CPU.ActiveCfg = Debug|Any CPU
		{5B6685B8-5563-4665-A5BB-9C5A9F92419F}.Debug|Any CPU.Build.0 = Debug|Any CPU
		{5B6685B8-5563-4665-A5BB-9C5A9F92419F}.Release|Any CPU.ActiveCfg = Release|Any CPU
		{5B6685B8-5563-4665-A5BB-9C5A9F92419F}.Release|Any CPU.Build.0 = Release|Any CPU
		{22AA3D68-A71B-4776-8EA1-7CAB8F3180FA}.Debug|Any CPU.ActiveCfg = Debug|Any CPU
		{22AA3D68-A71B-4776-8EA1-7CAB8F3180FA}.Debug|Any CPU.Build.0 = Debug|Any CPU
		{22AA3D68-A71B-4776-8EA1-7CAB8F3180FA}.Release|Any CPU.ActiveCfg = Release|Any CPU
		{22AA3D68-A71B-4776-8EA1-7CAB8F3180FA}.Release|Any CPU.Build.0 = Release|Any CPU
		{E5D0CD77-E71C-4209-B62D-5BD6BB7016F0}.Debug|Any CPU.ActiveCfg = Debug|Any CPU
		{E5D0CD77-E71C-4209-B62D-5BD6BB7016F0}.Debug|Any CPU.Build.0 = Debug|Any CPU
		{E5D0CD77-E71C-4209-B62D-5BD6BB7016F0}.Release|Any CPU.ActiveCfg = Release|Any CPU
		{E5D0CD77-E71C-4209-B62D-5BD6BB7016F0}.Release|Any CPU.Build.0 = Release|Any CPU
		{52FA8ABE-4B30-4013-AE34-25711FFC3BFC}.Debug|Any CPU.ActiveCfg = Debug|Any CPU
		{52FA8ABE-4B30-4013-AE34-25711FFC3BFC}.Debug|Any CPU.Build.0 = Debug|Any CPU
		{52FA8ABE-4B30-4013-AE34-25711FFC3BFC}.Release|Any CPU.ActiveCfg = Release|Any CPU
		{52FA8ABE-4B30-4013-AE34-25711FFC3BFC}.Release|Any CPU.Build.0 = Release|Any CPU
		{909BE581-7AFD-422B-93BD-419EA342DD70}.Debug|Any CPU.ActiveCfg = Debug|Any CPU
		{909BE581-7AFD-422B-93BD-419EA342DD70}.Debug|Any CPU.Build.0 = Debug|Any CPU
		{909BE581-7AFD-422B-93BD-419EA342DD70}.Release|Any CPU.ActiveCfg = Release|Any CPU
		{909BE581-7AFD-422B-93BD-419EA342DD70}.Release|Any CPU.Build.0 = Release|Any CPU
		{58349438-65B1-4823-A68D-BC39287205F8}.Debug|Any CPU.ActiveCfg = Debug|Any CPU
		{58349438-65B1-4823-A68D-BC39287205F8}.Debug|Any CPU.Build.0 = Debug|Any CPU
		{58349438-65B1-4823-A68D-BC39287205F8}.Release|Any CPU.ActiveCfg = Release|Any CPU
		{58349438-65B1-4823-A68D-BC39287205F8}.Release|Any CPU.Build.0 = Release|Any CPU
		{1C72AE8F-C626-469B-ADEF-1632E1F39991}.Debug|Any CPU.ActiveCfg = Debug|Any CPU
		{1C72AE8F-C626-469B-ADEF-1632E1F39991}.Debug|Any CPU.Build.0 = Debug|Any CPU
		{1C72AE8F-C626-469B-ADEF-1632E1F39991}.Release|Any CPU.ActiveCfg = Release|Any CPU
		{1C72AE8F-C626-469B-ADEF-1632E1F39991}.Release|Any CPU.Build.0 = Release|Any CPU
		{337F6812-D3DA-46E3-85FC-57F8FCD62F07}.Debug|Any CPU.ActiveCfg = Debug|Any CPU
		{337F6812-D3DA-46E3-85FC-57F8FCD62F07}.Debug|Any CPU.Build.0 = Debug|Any CPU
		{337F6812-D3DA-46E3-85FC-57F8FCD62F07}.Release|Any CPU.ActiveCfg = Release|Any CPU
		{337F6812-D3DA-46E3-85FC-57F8FCD62F07}.Release|Any CPU.Build.0 = Release|Any CPU
		{C6E0EF82-6C3D-4653-8665-43D671584421}.Debug|Any CPU.ActiveCfg = Debug|Any CPU
		{C6E0EF82-6C3D-4653-8665-43D671584421}.Debug|Any CPU.Build.0 = Debug|Any CPU
		{C6E0EF82-6C3D-4653-8665-43D671584421}.Release|Any CPU.ActiveCfg = Release|Any CPU
		{C6E0EF82-6C3D-4653-8665-43D671584421}.Release|Any CPU.Build.0 = Release|Any CPU
	EndGlobalSection
	GlobalSection(SolutionProperties) = preSolution
		HideSolutionNode = FALSE
	EndGlobalSection
	GlobalSection(NestedProjects) = preSolution
		{909BE581-7AFD-422B-93BD-419EA342DD70} = {2B596805-88C9-4D6A-A9FE-B57FD45F4626}
		{58349438-65B1-4823-A68D-BC39287205F8} = {2B596805-88C9-4D6A-A9FE-B57FD45F4626}
		{1C72AE8F-C626-469B-ADEF-1632E1F39991} = {747C368C-F933-4CEB-8439-A6328BB255AA}
		{337F6812-D3DA-46E3-85FC-57F8FCD62F07} = {0114FE7D-A357-4273-8582-F1ACBAA24D82}
		{C6E0EF82-6C3D-4653-8665-43D671584421} = {0114FE7D-A357-4273-8582-F1ACBAA24D82}
	EndGlobalSection
	GlobalSection(ExtensibilityGlobals) = postSolution
		SolutionGuid = {82FFC3BA-11CC-4B16-8078-5B778656F262}
	EndGlobalSection
EndGlobal
